
Microsoft Visual Studio Solution File, Format Version 12.00
# Visual Studio Version 17
VisualStudioVersion = 17.13.35825.156
MinimumVisualStudioVersion = 10.0.40219.1
Project("{FAE04EC0-301F-11D3-BF4B-00C04F79EFBC}") = "WhatThreeGits", "WhatThreeGits\WhatThreeGits.csproj", "{5DF969DB-F73B-4FA8-8EAE-22C00616B140}"
EndProject
Project("{FAE04EC0-301F-11D3-BF4B-00C04F79EFBC}") = "WhatThreeGits.Tests", "WhatThreeGits.Tests\WhatThreeGits.Tests.csproj", "{F134BBC8-FE19-492F-AE3B-0FBFDBD0968B}"
EndProject
Global
	GlobalSection(SolutionConfigurationPlatforms) = preSolution
		Debug|Any CPU = Debug|Any CPU
		Release|Any CPU = Release|Any CPU
	EndGlobalSection
	GlobalSection(ProjectConfigurationPlatforms) = postSolution
		{5DF969DB-F73B-4FA8-8EAE-22C00616B140}.Debug|Any CPU.ActiveCfg = Debug|Any CPU
		{5DF969DB-F73B-4FA8-8EAE-22C00616B140}.Debug|Any CPU.Build.0 = Debug|Any CPU
		{5DF969DB-F73B-4FA8-8EAE-22C00616B140}.Release|Any CPU.ActiveCfg = Release|Any CPU
		{5DF969DB-F73B-4FA8-8EAE-22C00616B140}.Release|Any CPU.Build.0 = Release|Any CPU
		{F134BBC8-FE19-492F-AE3B-0FBFDBD0968B}.Debug|Any CPU.ActiveCfg = Debug|Any CPU
		{F134BBC8-FE19-492F-AE3B-0FBFDBD0968B}.Debug|Any CPU.Build.0 = Debug|Any CPU
		{F134BBC8-FE19-492F-AE3B-0FBFDBD0968B}.Release|Any CPU.ActiveCfg = Release|Any CPU
		{F134BBC8-FE19-492F-AE3B-0FBFDBD0968B}.Release|Any CPU.Build.0 = Release|Any CPU
	EndGlobalSection
	GlobalSection(SolutionProperties) = preSolution
		HideSolutionNode = FALSE
	EndGlobalSection
	GlobalSection(ExtensibilityGlobals) = postSolution
		SolutionGuid = {AAFE1293-9960-42EB-B725-FE239CFEC078}
	EndGlobalSection
EndGlobal
